
Microsoft Visual Studio Solution File, Format Version 12.00
Project("{2150E333-8FDC-42A3-9474-1A3956D46DE8}") = "src", "src", "{827E0CD3-B72D-47B6-A68D-7590B98EB39B}"
EndProject
Project("{FAE04EC0-301F-11D3-BF4B-00C04F79EFBC}") = "ECommerce.API", "src\ECommerce.API\ECommerce.API.csproj", "{B766E5E2-0864-4C61-8247-EA06FEC47C58}"
EndProject
Project("{FAE04EC0-301F-11D3-BF4B-00C04F79EFBC}") = "ECommerce.Application", "src\ECommerce.Application\ECommerce.Application.csproj", "{3199EFD5-B080-4213-88E8-0300040844CA}"
EndProject
Project("{FAE04EC0-301F-11D3-BF4B-00C04F79EFBC}") = "ECommerce.Core", "src\ECommerce.Core\ECommerce.Core.csproj", "{B1813974-B58D-4DC5-80C9-A50D5EB959FB}"
EndProject
Project("{FAE04EC0-301F-11D3-BF4B-00C04F79EFBC}") = "ECommerce.Infrastructure", "src\ECommerce.Infrastructure\ECommerce.Infrastructure.csproj", "{EF86FBF5-11E4-4127-93D1-ADAFCB28426D}"
EndProject
Global
	GlobalSection(SolutionConfigurationPlatforms) = preSolution
		Debug|Any CPU = Debug|Any CPU
		Debug|x64 = Debug|x64
		Debug|x86 = Debug|x86
		Release|Any CPU = Release|Any CPU
		Release|x64 = Release|x64
		Release|x86 = Release|x86
	EndGlobalSection
	GlobalSection(ProjectConfigurationPlatforms) = postSolution
		{B766E5E2-0864-4C61-8247-EA06FEC47C58}.Debug|Any CPU.ActiveCfg = Debug|Any CPU
		{B766E5E2-0864-4C61-8247-EA06FEC47C58}.Debug|Any CPU.Build.0 = Debug|Any CPU
		{B766E5E2-0864-4C61-8247-EA06FEC47C58}.Debug|x64.ActiveCfg = Debug|Any CPU
		{B766E5E2-0864-4C61-8247-EA06FEC47C58}.Debug|x64.Build.0 = Debug|Any CPU
		{B766E5E2-0864-4C61-8247-EA06FEC47C58}.Debug|x86.ActiveCfg = Debug|Any CPU
		{B766E5E2-0864-4C61-8247-EA06FEC47C58}.Debug|x86.Build.0 = Debug|Any CPU
		{B766E5E2-0864-4C61-8247-EA06FEC47C58}.Release|Any CPU.ActiveCfg = Release|Any CPU
		{B766E5E2-0864-4C61-8247-EA06FEC47C58}.Release|Any CPU.Build.0 = Release|Any CPU
		{B766E5E2-0864-4C61-8247-EA06FEC47C58}.Release|x64.ActiveCfg = Release|Any CPU
		{B766E5E2-0864-4C61-8247-EA06FEC47C58}.Release|x64.Build.0 = Release|Any CPU
		{B766E5E2-0864-4C61-8247-EA06FEC47C58}.Release|x86.ActiveCfg = Release|Any CPU
		{B766E5E2-0864-4C61-8247-EA06FEC47C58}.Release|x86.Build.0 = Release|Any CPU
		{3199EFD5-B080-4213-88E8-0300040844CA}.Debug|Any CPU.ActiveCfg = Debug|Any CPU
		{3199EFD5-B080-4213-88E8-0300040844CA}.Debug|Any CPU.Build.0 = Debug|Any CPU
		{3199EFD5-B080-4213-88E8-0300040844CA}.Debug|x64.ActiveCfg = Debug|Any CPU
		{3199EFD5-B080-4213-88E8-0300040844CA}.Debug|x64.Build.0 = Debug|Any CPU
		{3199EFD5-B080-4213-88E8-0300040844CA}.Debug|x86.ActiveCfg = Debug|Any CPU
		{3199EFD5-B080-4213-88E8-0300040844CA}.Debug|x86.Build.0 = Debug|Any CPU
		{3199EFD5-B080-4213-88E8-0300040844CA}.Release|Any CPU.ActiveCfg = Release|Any CPU
		{3199EFD5-B080-4213-88E8-0300040844CA}.Release|Any CPU.Build.0 = Release|Any CPU
		{3199EFD5-B080-4213-88E8-0300040844CA}.Release|x64.ActiveCfg = Release|Any CPU
		{3199EFD5-B080-4213-88E8-0300040844CA}.Release|x64.Build.0 = Release|Any CPU
		{3199EFD5-B080-4213-88E8-0300040844CA}.Release|x86.ActiveCfg = Release|Any CPU
		{3199EFD5-B080-4213-88E8-0300040844CA}.Release|x86.Build.0 = Release|Any CPU
		{B1813974-B58D-4DC5-80C9-A50D5EB959FB}.Debug|Any CPU.ActiveCfg = Debug|Any CPU
		{B1813974-B58D-4DC5-80C9-A50D5EB959FB}.Debug|Any CPU.Build.0 = Debug|Any CPU
		{B1813974-B58D-4DC5-80C9-A50D5EB959FB}.Debug|x64.ActiveCfg = Debug|Any CPU
		{B1813974-B58D-4DC5-80C9-A50D5EB959FB}.Debug|x64.Build.0 = Debug|Any CPU
		{B1813974-B58D-4DC5-80C9-A50D5EB959FB}.Debug|x86.ActiveCfg = Debug|Any CPU
		{B1813974-B58D-4DC5-80C9-A50D5EB959FB}.Debug|x86.Build.0 = Debug|Any CPU
		{B1813974-B58D-4DC5-80C9-A50D5EB959FB}.Release|Any CPU.ActiveCfg = Release|Any CPU
		{B1813974-B58D-4DC5-80C9-A50D5EB959FB}.Release|Any CPU.Build.0 = Release|Any CPU
		{B1813974-B58D-4DC5-80C9-A50D5EB959FB}.Release|x64.ActiveCfg = Release|Any CPU
		{B1813974-B58D-4DC5-80C9-A50D5EB959FB}.Release|x64.Build.0 = Release|Any CPU
		{B1813974-B58D-4DC5-80C9-A50D5EB959FB}.Release|x86.ActiveCfg = Release|Any CPU
		{B1813974-B58D-4DC5-80C9-A50D5EB959FB}.Release|x86.Build.0 = Release|Any CPU
		{EF86FBF5-11E4-4127-93D1-ADAFCB28426D}.Debug|Any CPU.ActiveCfg = Debug|Any CPU
		{EF86FBF5-11E4-4127-93D1-ADAFCB28426D}.Debug|Any CPU.Build.0 = Debug|Any CPU
		{EF86FBF5-11E4-4127-93D1-ADAFCB28426D}.Debug|x64.ActiveCfg = Debug|Any CPU
		{EF86FBF5-11E4-4127-93D1-ADAFCB28426D}.Debug|x64.Build.0 = Debug|Any CPU
		{EF86FBF5-11E4-4127-93D1-ADAFCB28426D}.Debug|x86.ActiveCfg = Debug|Any CPU
		{EF86FBF5-11E4-4127-93D1-ADAFCB28426D}.Debug|x86.Build.0 = Debug|Any CPU
		{EF86FBF5-11E4-4127-93D1-ADAFCB28426D}.Release|Any CPU.ActiveCfg = Release|Any CPU
		{EF86FBF5-11E4-4127-93D1-ADAFCB28426D}.Release|Any CPU.Build.0 = Release|Any CPU
		{EF86FBF5-11E4-4127-93D1-ADAFCB28426D}.Release|x64.ActiveCfg = Release|Any CPU
		{EF86FBF5-11E4-4127-93D1-ADAFCB28426D}.Release|x64.Build.0 = Release|Any CPU
		{EF86FBF5-11E4-4127-93D1-ADAFCB28426D}.Release|x86.ActiveCfg = Release|Any CPU
		{EF86FBF5-11E4-4127-93D1-ADAFCB28426D}.Release|x86.Build.0 = Release|Any CPU
	EndGlobalSection
	GlobalSection(SolutionProperties) = preSolution
		HideSolutionNode = FALSE
	EndGlobalSection
	GlobalSection(NestedProjects) = preSolution
		{B766E5E2-0864-4C61-8247-EA06FEC47C58} = {827E0CD3-B72D-47B6-A68D-7590B98EB39B}
		{3199EFD5-B080-4213-88E8-0300040844CA} = {827E0CD3-B72D-47B6-A68D-7590B98EB39B}
		{B1813974-B58D-4DC5-80C9-A50D5EB959FB} = {827E0CD3-B72D-47B6-A68D-7590B98EB39B}
		{EF86FBF5-11E4-4127-93D1-ADAFCB28426D} = {827E0CD3-B72D-47B6-A68D-7590B98EB39B}
	EndGlobalSection
EndGlobal
